<?xml version="1.0" encoding="utf-8"?>
<Project ToolsVersion="4.0" xmlns="http://schemas.microsoft.com/developer/msbuild/2003">
  <ItemGroup>
    <Filter Include="Firefly">
      <UniqueIdentifier>{36F0610D-A2CF-E0A8-ABE7-6B7F1746470A}</UniqueIdentifier>
    </Filter>
  </ItemGroup>
  <ItemGroup>
    <ClInclude Include="src\Firefly.h" />
    <ClInclude Include="src\Firefly\Application.h">
      <Filter>Firefly</Filter>
    </ClInclude>
    <ClInclude Include="src\Firefly\Core.h">
      <Filter>Firefly</Filter>
    </ClInclude>
    <ClInclude Include="src\Firefly\EntryPoint.h">
      <Filter>Firefly</Filter>
    </ClInclude>
    <ClInclude Include="src\Firefly\Log.h">
      <Filter>Firefly</Filter>
    </ClInclude>
  </ItemGroup>
  <ItemGroup>
    <ClCompile Include="src\Firefly\Application.cpp">
      <Filter>Firefly</Filter>
    </ClCompile>
    <ClCompile Include="src\Firefly\Log.cpp">
      <Filter>Firefly</Filter>
    </ClCompile>
  </ItemGroup>
</Project>